
Microsoft Visual Studio Solution File, Format Version 12.00
# Visual Studio Version 17
VisualStudioVersion = 17.14.36518.9 d17.14
MinimumVisualStudioVersion = 10.0.40219.1
Project("{FAE04EC0-301F-11D3-BF4B-00C04F79EFBC}") = "ConsoleApp9", "ConsoleApp9\ConsoleApp9.csproj", "{078FA401-100A-4D69-BB3C-7C1AB080EADD}"
EndProject
Global
	GlobalSection(SolutionConfigurationPlatforms) = preSolution
		Debug|Any CPU = Debug|Any CPU
		Release|Any CPU = Release|Any CPU
	EndGlobalSection
	GlobalSection(ProjectConfigurationPlatforms) = postSolution
		{078FA401-100A-4D69-BB3C-7C1AB080EADD}.Debug|Any CPU.ActiveCfg = Debug|Any CPU
		{078FA401-100A-4D69-BB3C-7C1AB080EADD}.Debug|Any CPU.Build.0 = Debug|Any CPU
		{078FA401-100A-4D69-BB3C-7C1AB080EADD}.Release|Any CPU.ActiveCfg = Release|Any CPU
		{078FA401-100A-4D69-BB3C-7C1AB080EADD}.Release|Any CPU.Build.0 = Release|Any CPU
	EndGlobalSection
	GlobalSection(SolutionProperties) = preSolution
		HideSolutionNode = FALSE
	EndGlobalSection
	GlobalSection(ExtensibilityGlobals) = postSolution
		SolutionGuid = {EFA88508-3A26-4CDF-BC40-DFCBFB4AD630}
	EndGlobalSection
EndGlobal
