
Microsoft Visual Studio Solution File, Format Version 12.00
# Visual Studio Version 17
VisualStudioVersion = 17.14.36518.9 d17.14
MinimumVisualStudioVersion = 10.0.40219.1
Project("{FAE04EC0-301F-11D3-BF4B-00C04F79EFBC}") = "67", "67\67.csproj", "{70F28228-9202-45BC-8FE3-B3BD5D3F663D}"
EndProject
Global
	GlobalSection(SolutionConfigurationPlatforms) = preSolution
		Debug|Any CPU = Debug|Any CPU
		Release|Any CPU = Release|Any CPU
	EndGlobalSection
	GlobalSection(ProjectConfigurationPlatforms) = postSolution
		{70F28228-9202-45BC-8FE3-B3BD5D3F663D}.Debug|Any CPU.ActiveCfg = Debug|Any CPU
		{70F28228-9202-45BC-8FE3-B3BD5D3F663D}.Debug|Any CPU.Build.0 = Debug|Any CPU
		{70F28228-9202-45BC-8FE3-B3BD5D3F663D}.Release|Any CPU.ActiveCfg = Release|Any CPU
		{70F28228-9202-45BC-8FE3-B3BD5D3F663D}.Release|Any CPU.Build.0 = Release|Any CPU
	EndGlobalSection
	GlobalSection(SolutionProperties) = preSolution
		HideSolutionNode = FALSE
	EndGlobalSection
	GlobalSection(ExtensibilityGlobals) = postSolution
		SolutionGuid = {739744D0-08B6-4CF1-BDD3-97791BC09270}
	EndGlobalSection
EndGlobal
